// !$*UTF8*$!
{
	archiveVersion = 1;
	classes = {
	};
	objectVersion = 46;
	objects = {

/* Begin PBXBuildFile section */
		3604C26C1D0EF2380030C8C1 /* July4thTiles in Resources */ = {isa = PBXBuildFile; fileRef = 3604C26B1D0EF2380030C8C1 /* July4thTiles */; };
		3612C5F01C95F5960062379F /* Event Merchandise.png in Resources */ = {isa = PBXBuildFile; fileRef = 3612C5E51C95F5960062379F /* Event Merchandise.png */; };
		3612C5F11C95F5960062379F /* ATM.png in Resources */ = {isa = PBXBuildFile; fileRef = 3612C5E61C95F5960062379F /* ATM.png */; };
		3612C5F31C95F5960062379F /* Food Vendors.png in Resources */ = {isa = PBXBuildFile; fileRef = 3612C5E81C95F5960062379F /* Food Vendors.png */; };
		3612C5F41C95F5960062379F /* Main Stage.png in Resources */ = {isa = PBXBuildFile; fileRef = 3612C5E91C95F5960062379F /* Main Stage.png */; };
		3612C5F91C95F5960062379F /* Spot-o-Pots.png in Resources */ = {isa = PBXBuildFile; fileRef = 3612C5EE1C95F5960062379F /* Spot-o-Pots.png */; };
		3612C5FA1C95F5960062379F /* First Aid.png in Resources */ = {isa = PBXBuildFile; fileRef = 3612C5EF1C95F5960062379F /* First Aid.png */; };
		3612C6121C95F5F00062379F /* Sponsor.png in Resources */ = {isa = PBXBuildFile; fileRef = 3612C60A1C95F5F00062379F /* Sponsor.png */; };
		361E56201C924A5600D030BC /* digital-7.ttf in Resources */ = {isa = PBXBuildFile; fileRef = 36BA30361C92065A005939C5 /* digital-7.ttf */; };
		36203B8B1C92FF75002AD265 /* 4thjuly.jpg in Resources */ = {isa = PBXBuildFile; fileRef = 36203B8A1C92FF75002AD265 /* 4thjuly.jpg */; };
		36203B8F1C93052E002AD265 /* Howard County 8865 2015 v3.mp3 in Resources */ = {isa = PBXBuildFile; fileRef = 36203B8E1C93052E002AD265 /* Howard County 8865 2015 v3.mp3 */; };
		36769D551D118F0500CD0BB2 /* Data.json in Resources */ = {isa = PBXBuildFile; fileRef = 36769D541D118F0500CD0BB2 /* Data.json */; };
		36BA30171C91E1EC005939C5 /* AppDelegate.swift in Sources */ = {isa = PBXBuildFile; fileRef = 36BA30161C91E1EC005939C5 /* AppDelegate.swift */; };
		36BA30191C91E1EC005939C5 /* ViewController.swift in Sources */ = {isa = PBXBuildFile; fileRef = 36BA30181C91E1EC005939C5 /* ViewController.swift */; };
		36BA301E1C91E1EC005939C5 /* Assets.xcassets in Resources */ = {isa = PBXBuildFile; fileRef = 36BA301D1C91E1EC005939C5 /* Assets.xcassets */; };
		36BA30211C91E1EC005939C5 /* LaunchScreen.storyboard in Resources */ = {isa = PBXBuildFile; fileRef = 36BA301F1C91E1EC005939C5 /* LaunchScreen.storyboard */; };
		36BA30291C91FE83005939C5 /* tspark.png in Resources */ = {isa = PBXBuildFile; fileRef = 36BA30281C91FE83005939C5 /* tspark.png */; };
		36BA302D1C9205F5005939C5 /* icon.png in Resources */ = {isa = PBXBuildFile; fileRef = 36BA302A1C9205F5005939C5 /* icon.png */; };
		36BA302E1C9205F5005939C5 /* icon@2x-1.png in Resources */ = {isa = PBXBuildFile; fileRef = 36BA302B1C9205F5005939C5 /* icon@2x-1.png */; };
		36BA302F1C9205F5005939C5 /* icon@2x.png in Resources */ = {isa = PBXBuildFile; fileRef = 36BA302C1C9205F5005939C5 /* icon@2x.png */; };
		36BA30331C920647005939C5 /* Default-568@2x.png in Resources */ = {isa = PBXBuildFile; fileRef = 36BA30301C920647005939C5 /* Default-568@2x.png */; };
		36BA30341C920647005939C5 /* Default.png in Resources */ = {isa = PBXBuildFile; fileRef = 36BA30311C920647005939C5 /* Default.png */; };
		36BA30351C920647005939C5 /* Default@2x.png in Resources */ = {isa = PBXBuildFile; fileRef = 36BA30321C920647005939C5 /* Default@2x.png */; };
		36BA30391C9206BE005939C5 /* 461-play1.png in Resources */ = {isa = PBXBuildFile; fileRef = 36BA30371C9206BE005939C5 /* 461-play1.png */; };
		36BA303A1C9206BE005939C5 /* 462-pause1.png in Resources */ = {isa = PBXBuildFile; fileRef = 36BA30381C9206BE005939C5 /* 462-pause1.png */; };
		36BA303F1C920964005939C5 /* CustomTableViewCell.swift in Sources */ = {isa = PBXBuildFile; fileRef = 36BA303B1C920964005939C5 /* CustomTableViewCell.swift */; };
		36BA30401C920964005939C5 /* LocationModel.swift in Sources */ = {isa = PBXBuildFile; fileRef = 36BA303C1C920964005939C5 /* LocationModel.swift */; };
		36BA30411C920964005939C5 /* HomeModel.swift in Sources */ = {isa = PBXBuildFile; fileRef = 36BA303D1C920964005939C5 /* HomeModel.swift */; };
		36BA30421C920964005939C5 /* MapPin.swift in Sources */ = {isa = PBXBuildFile; fileRef = 36BA303E1C920964005939C5 /* MapPin.swift */; };
		36BA305F1C920A6F005939C5 /* Uncheckbox.png in Resources */ = {isa = PBXBuildFile; fileRef = 36BA30441C920A6F005939C5 /* Uncheckbox.png */; };
		36BA30601C920A6F005939C5 /* 750-home.png in Resources */ = {isa = PBXBuildFile; fileRef = 36BA30451C920A6F005939C5 /* 750-home.png */; };
		36BA30621C920A6F005939C5 /* Arrow_Left.png in Resources */ = {isa = PBXBuildFile; fileRef = 36BA30471C920A6F005939C5 /* Arrow_Left.png */; };
		36BA30631C920A6F005939C5 /* List_White.png in Resources */ = {isa = PBXBuildFile; fileRef = 36BA30481C920A6F005939C5 /* List_White.png */; };
		36BA30641C920A6F005939C5 /* wiw.png in Resources */ = {isa = PBXBuildFile; fileRef = 36BA30491C920A6F005939C5 /* wiw.png */; };
		36BA30651C920A6F005939C5 /* Checkedbox.png in Resources */ = {isa = PBXBuildFile; fileRef = 36BA304A1C920A6F005939C5 /* Checkedbox.png */; };
		36BA30661C920A6F005939C5 /* HC_Tab.png in Resources */ = {isa = PBXBuildFile; fileRef = 36BA304B1C920A6F005939C5 /* HC_Tab.png */; };
		36BA30671C920A6F005939C5 /* Left_Tab.png in Resources */ = {isa = PBXBuildFile; fileRef = 36BA304C1C920A6F005939C5 /* Left_Tab.png */; };
		36BA30681C920A6F005939C5 /* Location_Tab.png in Resources */ = {isa = PBXBuildFile; fileRef = 36BA304D1C920A6F005939C5 /* Location_Tab.png */; };
		36BA306F1C920A6F005939C5 /* Map_Tab.png in Resources */ = {isa = PBXBuildFile; fileRef = 36BA30541C920A6F005939C5 /* Map_Tab.png */; };
		36BA30781C920A6F005939C5 /* 852-map.png in Resources */ = {isa = PBXBuildFile; fileRef = 36BA305D1C920A6F005939C5 /* 852-map.png */; };
		36FE4E1B1CDB9EDD00CD49EB /* 2016 Howard County 8666 V3.mp3 in Resources */ = {isa = PBXBuildFile; fileRef = 36FE4E1A1CDB9EDD00CD49EB /* 2016 Howard County 8666 V3.mp3 */; };
/* End PBXBuildFile section */

/* Begin PBXFileReference section */
		3604C26B1D0EF2380030C8C1 /* July4thTiles */ = {isa = PBXFileReference; lastKnownFileType = folder; path = July4thTiles; sourceTree = "<group>"; };
		3612C5E51C95F5960062379F /* Event Merchandise.png */ = {isa = PBXFileReference; lastKnownFileType = image.png; path = "Event Merchandise.png"; sourceTree = "<group>"; };
		3612C5E61C95F5960062379F /* ATM.png */ = {isa = PBXFileReference; lastKnownFileType = image.png; path = ATM.png; sourceTree = "<group>"; };
		3612C5E81C95F5960062379F /* Food Vendors.png */ = {isa = PBXFileReference; lastKnownFileType = image.png; path = "Food Vendors.png"; sourceTree = "<group>"; };
		3612C5E91C95F5960062379F /* Main Stage.png */ = {isa = PBXFileReference; lastKnownFileType = image.png; path = "Main Stage.png"; sourceTree = "<group>"; };
		3612C5EE1C95F5960062379F /* Spot-o-Pots.png */ = {isa = PBXFileReference; lastKnownFileType = image.png; path = "Spot-o-Pots.png"; sourceTree = "<group>"; };
		3612C5EF1C95F5960062379F /* First Aid.png */ = {isa = PBXFileReference; lastKnownFileType = image.png; path = "First Aid.png"; sourceTree = "<group>"; };
		3612C60A1C95F5F00062379F /* Sponsor.png */ = {isa = PBXFileReference; lastKnownFileType = image.png; path = Sponsor.png; sourceTree = "<group>"; };
		36203B8A1C92FF75002AD265 /* 4thjuly.jpg */ = {isa = PBXFileReference; lastKnownFileType = image.jpeg; path = 4thjuly.jpg; sourceTree = "<group>"; };
		36203B8E1C93052E002AD265 /* Howard County 8865 2015 v3.mp3 */ = {isa = PBXFileReference; lastKnownFileType = audio.mp3; path = "Howard County 8865 2015 v3.mp3"; sourceTree = "<group>"; };
		36769D541D118F0500CD0BB2 /* Data.json */ = {isa = PBXFileReference; fileEncoding = 4; lastKnownFileType = text.json; path = Data.json; sourceTree = "<group>"; };
		36BA30131C91E1EC005939C5 /* July4th.app */ = {isa = PBXFileReference; explicitFileType = wrapper.application; includeInIndex = 0; path = July4th.app; sourceTree = BUILT_PRODUCTS_DIR; };
		36BA30161C91E1EC005939C5 /* AppDelegate.swift */ = {isa = PBXFileReference; lastKnownFileType = sourcecode.swift; path = AppDelegate.swift; sourceTree = "<group>"; };
		36BA30181C91E1EC005939C5 /* ViewController.swift */ = {isa = PBXFileReference; lastKnownFileType = sourcecode.swift; path = ViewController.swift; sourceTree = "<group>"; };
		36BA301D1C91E1EC005939C5 /* Assets.xcassets */ = {isa = PBXFileReference; lastKnownFileType = folder.assetcatalog; path = Assets.xcassets; sourceTree = "<group>"; };
		36BA30201C91E1EC005939C5 /* Base */ = {isa = PBXFileReference; lastKnownFileType = file.storyboard; name = Base; path = Base.lproj/LaunchScreen.storyboard; sourceTree = "<group>"; };
		36BA30221C91E1EC005939C5 /* Info.plist */ = {isa = PBXFileReference; lastKnownFileType = text.plist.xml; path = Info.plist; sourceTree = "<group>"; };
		36BA30281C91FE83005939C5 /* tspark.png */ = {isa = PBXFileReference; lastKnownFileType = image.png; path = tspark.png; sourceTree = "<group>"; };
		36BA302A1C9205F5005939C5 /* icon.png */ = {isa = PBXFileReference; lastKnownFileType = image.png; path = icon.png; sourceTree = "<group>"; };
		36BA302B1C9205F5005939C5 /* icon@2x-1.png */ = {isa = PBXFileReference; lastKnownFileType = image.png; path = "icon@2x-1.png"; sourceTree = "<group>"; };
		36BA302C1C9205F5005939C5 /* icon@2x.png */ = {isa = PBXFileReference; lastKnownFileType = image.png; path = "icon@2x.png"; sourceTree = "<group>"; };
		36BA30301C920647005939C5 /* Default-568@2x.png */ = {isa = PBXFileReference; lastKnownFileType = image.png; path = "Default-568@2x.png"; sourceTree = "<group>"; };
		36BA30311C920647005939C5 /* Default.png */ = {isa = PBXFileReference; lastKnownFileType = image.png; path = Default.png; sourceTree = "<group>"; };
		36BA30321C920647005939C5 /* Default@2x.png */ = {isa = PBXFileReference; lastKnownFileType = image.png; path = "Default@2x.png"; sourceTree = "<group>"; };
		36BA30361C92065A005939C5 /* digital-7.ttf */ = {isa = PBXFileReference; lastKnownFileType = file; path = "digital-7.ttf"; sourceTree = "<group>"; };
		36BA30371C9206BE005939C5 /* 461-play1.png */ = {isa = PBXFileReference; lastKnownFileType = image.png; path = "461-play1.png"; sourceTree = "<group>"; };
		36BA30381C9206BE005939C5 /* 462-pause1.png */ = {isa = PBXFileReference; lastKnownFileType = image.png; path = "462-pause1.png"; sourceTree = "<group>"; };
		36BA303B1C920964005939C5 /* CustomTableViewCell.swift */ = {isa = PBXFileReference; fileEncoding = 4; lastKnownFileType = sourcecode.swift; path = CustomTableViewCell.swift; sourceTree = "<group>"; };
		36BA303C1C920964005939C5 /* LocationModel.swift */ = {isa = PBXFileReference; fileEncoding = 4; lastKnownFileType = sourcecode.swift; path = LocationModel.swift; sourceTree = "<group>"; };
		36BA303D1C920964005939C5 /* HomeModel.swift */ = {isa = PBXFileReference; fileEncoding = 4; lastKnownFileType = sourcecode.swift; path = HomeModel.swift; sourceTree = "<group>"; };
		36BA303E1C920964005939C5 /* MapPin.swift */ = {isa = PBXFileReference; fileEncoding = 4; lastKnownFileType = sourcecode.swift; path = MapPin.swift; sourceTree = "<group>"; };
		36BA30441C920A6F005939C5 /* Uncheckbox.png */ = {isa = PBXFileReference; lastKnownFileType = image.png; path = Uncheckbox.png; sourceTree = "<group>"; };
		36BA30451C920A6F005939C5 /* 750-home.png */ = {isa = PBXFileReference; lastKnownFileType = image.png; path = "750-home.png"; sourceTree = "<group>"; };
		36BA30471C920A6F005939C5 /* Arrow_Left.png */ = {isa = PBXFileReference; lastKnownFileType = image.png; path = Arrow_Left.png; sourceTree = "<group>"; };
		36BA30481C920A6F005939C5 /* List_White.png */ = {isa = PBXFileReference; lastKnownFileType = image.png; path = List_White.png; sourceTree = "<group>"; };
		36BA30491C920A6F005939C5 /* wiw.png */ = {isa = PBXFileReference; lastKnownFileType = image.png; path = wiw.png; sourceTree = "<group>"; };
		36BA304A1C920A6F005939C5 /* Checkedbox.png */ = {isa = PBXFileReference; lastKnownFileType = image.png; path = Checkedbox.png; sourceTree = "<group>"; };
		36BA304B1C920A6F005939C5 /* HC_Tab.png */ = {isa = PBXFileReference; lastKnownFileType = image.png; path = HC_Tab.png; sourceTree = "<group>"; };
		36BA304C1C920A6F005939C5 /* Left_Tab.png */ = {isa = PBXFileReference; lastKnownFileType = image.png; path = Left_Tab.png; sourceTree = "<group>"; };
		36BA304D1C920A6F005939C5 /* Location_Tab.png */ = {isa = PBXFileReference; lastKnownFileType = image.png; path = Location_Tab.png; sourceTree = "<group>"; };
		36BA30541C920A6F005939C5 /* Map_Tab.png */ = {isa = PBXFileReference; lastKnownFileType = image.png; path = Map_Tab.png; sourceTree = "<group>"; };
		36BA305D1C920A6F005939C5 /* 852-map.png */ = {isa = PBXFileReference; lastKnownFileType = image.png; path = "852-map.png"; sourceTree = "<group>"; };
		36FE4E1A1CDB9EDD00CD49EB /* 2016 Howard County 8666 V3.mp3 */ = {isa = PBXFileReference; lastKnownFileType = audio.mp3; path = "2016 Howard County 8666 V3.mp3"; sourceTree = "<group>"; };
/* End PBXFileReference section */

/* Begin PBXFrameworksBuildPhase section */
		36BA30101C91E1EC005939C5 /* Frameworks */ = {
			isa = PBXFrameworksBuildPhase;
			buildActionMask = 2147483647;
			files = (
			);
			runOnlyForDeploymentPostprocessing = 0;
		};
/* End PBXFrameworksBuildPhase section */

/* Begin PBXGroup section */
		3612C5E41C95F57B0062379F /* Others */ = {
			isa = PBXGroup;
			children = (
				3612C60A1C95F5F00062379F /* Sponsor.png */,
				3612C5E51C95F5960062379F /* Event Merchandise.png */,
				3612C5E61C95F5960062379F /* ATM.png */,
				3612C5E81C95F5960062379F /* Food Vendors.png */,
				3612C5E91C95F5960062379F /* Main Stage.png */,
				3612C5EE1C95F5960062379F /* Spot-o-Pots.png */,
				3612C5EF1C95F5960062379F /* First Aid.png */,
			);
			name = Others;
			sourceTree = "<group>";
		};
		36BA300A1C91E1EC005939C5 = {
			isa = PBXGroup;
			children = (
				36BA30151C91E1EC005939C5 /* July4th */,
				36BA30141C91E1EC005939C5 /* Products */,
			);
			sourceTree = "<group>";
		};
		36BA30141C91E1EC005939C5 /* Products */ = {
			isa = PBXGroup;
			children = (
				36BA30131C91E1EC005939C5 /* July4th.app */,
			);
			name = Products;
			sourceTree = "<group>";
		};
		36BA30151C91E1EC005939C5 /* July4th */ = {
			isa = PBXGroup;
			children = (
				3604C26B1D0EF2380030C8C1 /* July4thTiles */,
				36BA30431C9209B3005939C5 /* SupportingFiles */,
				36BA30161C91E1EC005939C5 /* AppDelegate.swift */,
				36BA30181C91E1EC005939C5 /* ViewController.swift */,
				36BA301D1C91E1EC005939C5 /* Assets.xcassets */,
				36BA303B1C920964005939C5 /* CustomTableViewCell.swift */,
				36BA303C1C920964005939C5 /* LocationModel.swift */,
				36BA303D1C920964005939C5 /* HomeModel.swift */,
				36BA303E1C920964005939C5 /* MapPin.swift */,
				36BA301F1C91E1EC005939C5 /* LaunchScreen.storyboard */,
				36BA30221C91E1EC005939C5 /* Info.plist */,
				36769D541D118F0500CD0BB2 /* Data.json */,
			);
			path = July4th;
			sourceTree = "<group>";
		};
		36BA30431C9209B3005939C5 /* SupportingFiles */ = {
			isa = PBXGroup;
			children = (
				3612C5E41C95F57B0062379F /* Others */,
				36203B8A1C92FF75002AD265 /* 4thjuly.jpg */,
				36BA30281C91FE83005939C5 /* tspark.png */,
				36BA30441C920A6F005939C5 /* Uncheckbox.png */,
				36BA30451C920A6F005939C5 /* 750-home.png */,
				36BA30471C920A6F005939C5 /* Arrow_Left.png */,
				36BA30481C920A6F005939C5 /* List_White.png */,
				36BA30491C920A6F005939C5 /* wiw.png */,
				36BA304A1C920A6F005939C5 /* Checkedbox.png */,
				36BA304B1C920A6F005939C5 /* HC_Tab.png */,
				36BA304C1C920A6F005939C5 /* Left_Tab.png */,
				36203B8E1C93052E002AD265 /* Howard County 8865 2015 v3.mp3 */,
				36FE4E1A1CDB9EDD00CD49EB /* 2016 Howard County 8666 V3.mp3 */,
				36BA304D1C920A6F005939C5 /* Location_Tab.png */,
				36BA30541C920A6F005939C5 /* Map_Tab.png */,
				36BA305D1C920A6F005939C5 /* 852-map.png */,
				36BA302A1C9205F5005939C5 /* icon.png */,
				36BA302B1C9205F5005939C5 /* icon@2x-1.png */,
				36BA302C1C9205F5005939C5 /* icon@2x.png */,
				36BA30301C920647005939C5 /* Default-568@2x.png */,
				36BA30311C920647005939C5 /* Default.png */,
				36BA30371C9206BE005939C5 /* 461-play1.png */,
				36BA30381C9206BE005939C5 /* 462-pause1.png */,
				36BA30361C92065A005939C5 /* digital-7.ttf */,
				36BA30321C920647005939C5 /* Default@2x.png */,
			);
			name = SupportingFiles;
			sourceTree = "<group>";
		};
/* End PBXGroup section */

/* Begin PBXNativeTarget section */
		36BA30121C91E1EC005939C5 /* July4th */ = {
			isa = PBXNativeTarget;
			buildConfigurationList = 36BA30251C91E1EC005939C5 /* Build configuration list for PBXNativeTarget "July4th" */;
			buildPhases = (
				36BA300F1C91E1EC005939C5 /* Sources */,
				36BA30101C91E1EC005939C5 /* Frameworks */,
				36BA30111C91E1EC005939C5 /* Resources */,
			);
			buildRules = (
			);
			dependencies = (
			);
			name = July4th;
			productName = July4th;
			productReference = 36BA30131C91E1EC005939C5 /* July4th.app */;
			productType = "com.apple.product-type.application";
		};
/* End PBXNativeTarget section */

/* Begin PBXProject section */
		36BA300B1C91E1EC005939C5 /* Project object */ = {
			isa = PBXProject;
			attributes = {
				LastSwiftUpdateCheck = 0720;
				LastUpgradeCheck = 0800;
				ORGANIZATIONNAME = "Yongyuth Phasukyued";
				TargetAttributes = {
					36BA30121C91E1EC005939C5 = {
						CreatedOnToolsVersion = 7.2.1;
						DevelopmentTeam = Y9QZN4Z8J5;
						LastSwiftMigration = 0800;
					};
				};
			};
			buildConfigurationList = 36BA300E1C91E1EC005939C5 /* Build configuration list for PBXProject "July4th" */;
			compatibilityVersion = "Xcode 3.2";
			developmentRegion = English;
			hasScannedForEncodings = 0;
			knownRegions = (
				en,
				Base,
			);
			mainGroup = 36BA300A1C91E1EC005939C5;
			productRefGroup = 36BA30141C91E1EC005939C5 /* Products */;
			projectDirPath = "";
			projectRoot = "";
			targets = (
				36BA30121C91E1EC005939C5 /* July4th */,
			);
		};
/* End PBXProject section */

/* Begin PBXResourcesBuildPhase section */
		36BA30111C91E1EC005939C5 /* Resources */ = {
			isa = PBXResourcesBuildPhase;
			buildActionMask = 2147483647;
			files = (
				3604C26C1D0EF2380030C8C1 /* July4thTiles in Resources */,
				3612C5FA1C95F5960062379F /* First Aid.png in Resources */,
				3612C6121C95F5F00062379F /* Sponsor.png in Resources */,
				36FE4E1B1CDB9EDD00CD49EB /* 2016 Howard County 8666 V3.mp3 in Resources */,
				361E56201C924A5600D030BC /* digital-7.ttf in Resources */,
				36BA302F1C9205F5005939C5 /* icon@2x.png in Resources */,
				36BA303A1C9206BE005939C5 /* 462-pause1.png in Resources */,
				36BA30341C920647005939C5 /* Default.png in Resources */,
				36BA30651C920A6F005939C5 /* Checkedbox.png in Resources */,
				3612C5F31C95F5960062379F /* Food Vendors.png in Resources */,
				3612C5F91C95F5960062379F /* Spot-o-Pots.png in Resources */,
				36203B8B1C92FF75002AD265 /* 4thjuly.jpg in Resources */,
				36BA30671C920A6F005939C5 /* Left_Tab.png in Resources */,
				3612C5F11C95F5960062379F /* ATM.png in Resources */,
				36BA30681C920A6F005939C5 /* Location_Tab.png in Resources */,
				36BA305F1C920A6F005939C5 /* Uncheckbox.png in Resources */,
				36BA30351C920647005939C5 /* Default@2x.png in Resources */,
				36BA30601C920A6F005939C5 /* 750-home.png in Resources */,
				36BA306F1C920A6F005939C5 /* Map_Tab.png in Resources */,
				36BA30211C91E1EC005939C5 /* LaunchScreen.storyboard in Resources */,
				36769D551D118F0500CD0BB2 /* Data.json in Resources */,
				36BA30781C920A6F005939C5 /* 852-map.png in Resources */,
				36BA30391C9206BE005939C5 /* 461-play1.png in Resources */,
				36BA302D1C9205F5005939C5 /* icon.png in Resources */,
				36BA30641C920A6F005939C5 /* wiw.png in Resources */,
				3612C5F01C95F5960062379F /* Event Merchandise.png in Resources */,
				36BA30661C920A6F005939C5 /* HC_Tab.png in Resources */,
				36BA301E1C91E1EC005939C5 /* Assets.xcassets in Resources */,
				36203B8F1C93052E002AD265 /* Howard County 8865 2015 v3.mp3 in Resources */,
				36BA30331C920647005939C5 /* Default-568@2x.png in Resources */,
				36BA30621C920A6F005939C5 /* Arrow_Left.png in Resources */,
				3612C5F41C95F5960062379F /* Main Stage.png in Resources */,
				36BA30631C920A6F005939C5 /* List_White.png in Resources */,
				36BA30291C91FE83005939C5 /* tspark.png in Resources */,
				36BA302E1C9205F5005939C5 /* icon@2x-1.png in Resources */,
			);
			runOnlyForDeploymentPostprocessing = 0;
		};
/* End PBXResourcesBuildPhase section */

/* Begin PBXSourcesBuildPhase section */
		36BA300F1C91E1EC005939C5 /* Sources */ = {
			isa = PBXSourcesBuildPhase;
			buildActionMask = 2147483647;
			files = (
				36BA30421C920964005939C5 /* MapPin.swift in Sources */,
				36BA30401C920964005939C5 /* LocationModel.swift in Sources */,
				36BA303F1C920964005939C5 /* CustomTableViewCell.swift in Sources */,
				36BA30191C91E1EC005939C5 /* ViewController.swift in Sources */,
				36BA30411C920964005939C5 /* HomeModel.swift in Sources */,
				36BA30171C91E1EC005939C5 /* AppDelegate.swift in Sources */,
			);
			runOnlyForDeploymentPostprocessing = 0;
		};
/* End PBXSourcesBuildPhase section */

/* Begin PBXVariantGroup section */
		36BA301F1C91E1EC005939C5 /* LaunchScreen.storyboard */ = {
			isa = PBXVariantGroup;
			children = (
				36BA30201C91E1EC005939C5 /* Base */,
			);
			name = LaunchScreen.storyboard;
			sourceTree = "<group>";
		};
/* End PBXVariantGroup section */

/* Begin XCBuildConfiguration section */
		36BA30231C91E1EC005939C5 /* Debug */ = {
			isa = XCBuildConfiguration;
			buildSettings = {
				ALWAYS_SEARCH_USER_PATHS = NO;
				CLANG_CXX_LANGUAGE_STANDARD = "gnu++0x";
				CLANG_CXX_LIBRARY = "libc++";
				CLANG_ENABLE_MODULES = YES;
				CLANG_ENABLE_OBJC_ARC = YES;
				CLANG_WARN_BOOL_CONVERSION = YES;
				CLANG_WARN_CONSTANT_CONVERSION = YES;
				CLANG_WARN_DIRECT_OBJC_ISA_USAGE = YES_ERROR;
				CLANG_WARN_EMPTY_BODY = YES;
				CLANG_WARN_ENUM_CONVERSION = YES;
				CLANG_WARN_INFINITE_RECURSION = YES;
				CLANG_WARN_INT_CONVERSION = YES;
				CLANG_WARN_OBJC_ROOT_CLASS = YES_ERROR;
				CLANG_WARN_SUSPICIOUS_MOVE = YES;
				CLANG_WARN_UNREACHABLE_CODE = YES;
				CLANG_WARN__DUPLICATE_METHOD_MATCH = YES;
				"CODE_SIGN_IDENTITY[sdk=iphoneos*]" = "iPhone Developer";
				COPY_PHASE_STRIP = NO;
				DEBUG_INFORMATION_FORMAT = dwarf;
				ENABLE_STRICT_OBJC_MSGSEND = YES;
				ENABLE_TESTABILITY = YES;
				GCC_C_LANGUAGE_STANDARD = gnu99;
				GCC_DYNAMIC_NO_PIC = NO;
				GCC_NO_COMMON_BLOCKS = YES;
				GCC_OPTIMIZATION_LEVEL = 0;
				GCC_PREPROCESSOR_DEFINITIONS = (
					"DEBUG=1",
					"$(inherited)",
				);
				GCC_WARN_64_TO_32_BIT_CONVERSION = YES;
				GCC_WARN_ABOUT_RETURN_TYPE = YES_ERROR;
				GCC_WARN_UNDECLARED_SELECTOR = YES;
				GCC_WARN_UNINITIALIZED_AUTOS = YES_AGGRESSIVE;
				GCC_WARN_UNUSED_FUNCTION = YES;
				GCC_WARN_UNUSED_VARIABLE = YES;
				IPHONEOS_DEPLOYMENT_TARGET = 9.2;
				MTL_ENABLE_DEBUG_INFO = YES;
				ONLY_ACTIVE_ARCH = YES;
				SDKROOT = iphoneos;
				SWIFT_OPTIMIZATION_LEVEL = "-Onone";
			};
			name = Debug;
		};
		36BA30241C91E1EC005939C5 /* Release */ = {
			isa = XCBuildConfiguration;
			buildSettings = {
				ALWAYS_SEARCH_USER_PATHS = NO;
				CLANG_CXX_LANGUAGE_STANDARD = "gnu++0x";
				CLANG_CXX_LIBRARY = "libc++";
				CLANG_ENABLE_MODULES = YES;
				CLANG_ENABLE_OBJC_ARC = YES;
				CLANG_WARN_BOOL_CONVERSION = YES;
				CLANG_WARN_CONSTANT_CONVERSION = YES;
				CLANG_WARN_DIRECT_OBJC_ISA_USAGE = YES_ERROR;
				CLANG_WARN_EMPTY_BODY = YES;
				CLANG_WARN_ENUM_CONVERSION = YES;
				CLANG_WARN_INFINITE_RECURSION = YES;
				CLANG_WARN_INT_CONVERSION = YES;
				CLANG_WARN_OBJC_ROOT_CLASS = YES_ERROR;
				CLANG_WARN_SUSPICIOUS_MOVE = YES;
				CLANG_WARN_UNREACHABLE_CODE = YES;
				CLANG_WARN__DUPLICATE_METHOD_MATCH = YES;
				"CODE_SIGN_IDENTITY[sdk=iphoneos*]" = "iPhone Developer";
				COPY_PHASE_STRIP = NO;
				DEBUG_INFORMATION_FORMAT = "dwarf-with-dsym";
				ENABLE_NS_ASSERTIONS = NO;
				ENABLE_STRICT_OBJC_MSGSEND = YES;
				GCC_C_LANGUAGE_STANDARD = gnu99;
				GCC_NO_COMMON_BLOCKS = YES;
				GCC_WARN_64_TO_32_BIT_CONVERSION = YES;
				GCC_WARN_ABOUT_RETURN_TYPE = YES_ERROR;
				GCC_WARN_UNDECLARED_SELECTOR = YES;
				GCC_WARN_UNINITIALIZED_AUTOS = YES_AGGRESSIVE;
				GCC_WARN_UNUSED_FUNCTION = YES;
				GCC_WARN_UNUSED_VARIABLE = YES;
				IPHONEOS_DEPLOYMENT_TARGET = 9.2;
				MTL_ENABLE_DEBUG_INFO = NO;
				SDKROOT = iphoneos;
				SWIFT_OPTIMIZATION_LEVEL = "-Owholemodule";
				VALIDATE_PRODUCT = YES;
			};
			name = Release;
		};
		36BA30261C91E1EC005939C5 /* Debug */ = {
			isa = XCBuildConfiguration;
			buildSettings = {
				ASSETCATALOG_COMPILER_APPICON_NAME = AppIcon;
				CODE_SIGN_IDENTITY = "iPhone Developer";
				INFOPLIST_FILE = July4th/Info.plist;
				IPHONEOS_DEPLOYMENT_TARGET = 8.0;
				LD_RUNPATH_SEARCH_PATHS = "$(inherited) @executable_path/Frameworks";
				PRODUCT_BUNDLE_IDENTIFIER = gov.howardcountymd.iOSjuly4th;
				PRODUCT_NAME = "$(TARGET_NAME)";
				SWIFT_VERSION = 3.0;
			};
			name = Debug;
		};
		36BA30271C91E1EC005939C5 /* Release */ = {
			isa = XCBuildConfiguration;
			buildSettings = {
				ASSETCATALOG_COMPILER_APPICON_NAME = AppIcon;
				CODE_SIGN_IDENTITY = "iPhone Developer";
				INFOPLIST_FILE = July4th/Info.plist;
				IPHONEOS_DEPLOYMENT_TARGET = 8.0;
				LD_RUNPATH_SEARCH_PATHS = "$(inherited) @executable_path/Frameworks";
				PRODUCT_BUNDLE_IDENTIFIER = gov.howardcountymd.iOSjuly4th;
				PRODUCT_NAME = "$(TARGET_NAME)";
				SWIFT_VERSION = 3.0;
			};
			name = Release;
		};
/* End XCBuildConfiguration section */

/* Begin XCConfigurationList section */
		36BA300E1C91E1EC005939C5 /* Build configuration list for PBXProject "July4th" */ = {
			isa = XCConfigurationList;
			buildConfigurations = (
				36BA30231C91E1EC005939C5 /* Debug */,
				36BA30241C91E1EC005939C5 /* Release */,
			);
			defaultConfigurationIsVisible = 0;
			defaultConfigurationName = Release;
		};
		36BA30251C91E1EC005939C5 /* Build configuration list for PBXNativeTarget "July4th" */ = {
			isa = XCConfigurationList;
			buildConfigurations = (
				36BA30261C91E1EC005939C5 /* Debug */,
				36BA30271C91E1EC005939C5 /* Release */,
			);
			defaultConfigurationIsVisible = 0;
			defaultConfigurationName = Release;
		};
/* End XCConfigurationList section */
	};
	rootObject = 36BA300B1C91E1EC005939C5 /* Project object */;
}
